{
  "name": "swagger-ui-dist",
  "version": "5.17.14",
  "lockfileVersion": 3,
  "requires": true,
  "packages": {
    "": {
      "name": "swagger-ui-dist",
      "version": "5.17.14",
      "license": "Apache-2.0",
      "dependencies": {
        "swagger-ui-dist": "file:"
      },
      "devDependencies": {}
    },
    "node_modules/swagger-ui-dist": {
      "resolved": "",
      "link": true
    }
  }
}
